// !$*UTF8*$!
{
	archiveVersion = 1;
	classes = {
	};
	objectVersion = 56;
	objects = {

/* Begin PBXBuildFile section */
		B58464162C21DF2B00FF87A1 /* ToDoAppGrokhotovApp.swift in Sources */ = {isa = PBXBuildFile; fileRef = B58464152C21DF2B00FF87A1 /* ToDoAppGrokhotovApp.swift */; };
		B58464182C21DF2B00FF87A1 /* TaskListView.swift in Sources */ = {isa = PBXBuildFile; fileRef = B58464172C21DF2B00FF87A1 /* TaskListView.swift */; };
		B584641A2C21DF2D00FF87A1 /* Assets.xcassets in Resources */ = {isa = PBXBuildFile; fileRef = B58464192C21DF2D00FF87A1 /* Assets.xcassets */; };
		B584641D2C21DF2D00FF87A1 /* Preview Assets.xcassets in Resources */ = {isa = PBXBuildFile; fileRef = B584641C2C21DF2D00FF87A1 /* Preview Assets.xcassets */; };
		B58464242C21DF4A00FF87A1 /* Localizable.xcstrings in Resources */ = {isa = PBXBuildFile; fileRef = B58464232C21DF4A00FF87A1 /* Localizable.xcstrings */; };
		B584642D2C21FFAA00FF87A1 /* RealmSwift in Frameworks */ = {isa = PBXBuildFile; productRef = B584642C2C21FFAA00FF87A1 /* RealmSwift */; };
		B584642F2C22032200FF87A1 /* TaskModel.swift in Sources */ = {isa = PBXBuildFile; fileRef = B584642E2C22032200FF87A1 /* TaskModel.swift */; };
		B58464322C220B9700FF87A1 /* TaskDetailView.swift in Sources */ = {isa = PBXBuildFile; fileRef = B58464312C220B9700FF87A1 /* TaskDetailView.swift */; };
		B58464342C220EF500FF87A1 /* TaskRow.swift in Sources */ = {isa = PBXBuildFile; fileRef = B58464332C220EF500FF87A1 /* TaskRow.swift */; };
		B58464362C22153B00FF87A1 /* TaskManager.swift in Sources */ = {isa = PBXBuildFile; fileRef = B58464352C22153B00FF87A1 /* TaskManager.swift */; };
/* End PBXBuildFile section */

/* Begin PBXFileReference section */
		B58464122C21DF2B00FF87A1 /* ToDoAppGrokhotov.app */ = {isa = PBXFileReference; explicitFileType = wrapper.application; includeInIndex = 0; path = ToDoAppGrokhotov.app; sourceTree = BUILT_PRODUCTS_DIR; };
		B58464152C21DF2B00FF87A1 /* ToDoAppGrokhotovApp.swift */ = {isa = PBXFileReference; lastKnownFileType = sourcecode.swift; path = ToDoAppGrokhotovApp.swift; sourceTree = "<group>"; };
		B58464172C21DF2B00FF87A1 /* TaskListView.swift */ = {isa = PBXFileReference; lastKnownFileType = sourcecode.swift; path = TaskListView.swift; sourceTree = "<group>"; };
		B58464192C21DF2D00FF87A1 /* Assets.xcassets */ = {isa = PBXFileReference; lastKnownFileType = folder.assetcatalog; path = Assets.xcassets; sourceTree = "<group>"; };
		B584641C2C21DF2D00FF87A1 /* Preview Assets.xcassets */ = {isa = PBXFileReference; lastKnownFileType = folder.assetcatalog; path = "Preview Assets.xcassets"; sourceTree = "<group>"; };
		B58464232C21DF4A00FF87A1 /* Localizable.xcstrings */ = {isa = PBXFileReference; lastKnownFileType = text.json.xcstrings; path = Localizable.xcstrings; sourceTree = "<group>"; };
		B584642E2C22032200FF87A1 /* TaskModel.swift */ = {isa = PBXFileReference; lastKnownFileType = sourcecode.swift; path = TaskModel.swift; sourceTree = "<group>"; };
		B58464312C220B9700FF87A1 /* TaskDetailView.swift */ = {isa = PBXFileReference; lastKnownFileType = sourcecode.swift; path = TaskDetailView.swift; sourceTree = "<group>"; };
		B58464332C220EF500FF87A1 /* TaskRow.swift */ = {isa = PBXFileReference; lastKnownFileType = sourcecode.swift; path = TaskRow.swift; sourceTree = "<group>"; };
		B58464352C22153B00FF87A1 /* TaskManager.swift */ = {isa = PBXFileReference; lastKnownFileType = sourcecode.swift; path = TaskManager.swift; sourceTree = "<group>"; };
/* End PBXFileReference section */

/* Begin PBXFrameworksBuildPhase section */
		B584640F2C21DF2B00FF87A1 /* Frameworks */ = {
			isa = PBXFrameworksBuildPhase;
			buildActionMask = 2147483647;
			files = (
				B584642D2C21FFAA00FF87A1 /* RealmSwift in Frameworks */,
			);
			runOnlyForDeploymentPostprocessing = 0;
		};
/* End PBXFrameworksBuildPhase section */

/* Begin PBXGroup section */
		B58464092C21DF2B00FF87A1 = {
			isa = PBXGroup;
			children = (
				B58464142C21DF2B00FF87A1 /* ToDoAppGrokhotov */,
				B58464132C21DF2B00FF87A1 /* Products */,
			);
			sourceTree = "<group>";
		};
		B58464132C21DF2B00FF87A1 /* Products */ = {
			isa = PBXGroup;
			children = (
				B58464122C21DF2B00FF87A1 /* ToDoAppGrokhotov.app */,
			);
			name = Products;
			sourceTree = "<group>";
		};
		B58464142C21DF2B00FF87A1 /* ToDoAppGrokhotov */ = {
			isa = PBXGroup;
			children = (
				B584642E2C22032200FF87A1 /* TaskModel.swift */,
				B58464302C22079E00FF87A1 /* Views */,
				B58464352C22153B00FF87A1 /* TaskManager.swift */,
				B58464152C21DF2B00FF87A1 /* ToDoAppGrokhotovApp.swift */,
				B58464232C21DF4A00FF87A1 /* Localizable.xcstrings */,
				B58464192C21DF2D00FF87A1 /* Assets.xcassets */,
				B584641B2C21DF2D00FF87A1 /* Preview Content */,
			);
			path = ToDoAppGrokhotov;
			sourceTree = "<group>";
		};
		B584641B2C21DF2D00FF87A1 /* Preview Content */ = {
			isa = PBXGroup;
			children = (
				B584641C2C21DF2D00FF87A1 /* Preview Assets.xcassets */,
			);
			path = "Preview Content";
			sourceTree = "<group>";
		};
		B58464302C22079E00FF87A1 /* Views */ = {
			isa = PBXGroup;
			children = (
				B58464172C21DF2B00FF87A1 /* TaskListView.swift */,
				B58464312C220B9700FF87A1 /* TaskDetailView.swift */,
				B58464332C220EF500FF87A1 /* TaskRow.swift */,
			);
			path = Views;
			sourceTree = "<group>";
		};
/* End PBXGroup section */

/* Begin PBXNativeTarget section */
		B58464112C21DF2B00FF87A1 /* ToDoAppGrokhotov */ = {
			isa = PBXNativeTarget;
			buildConfigurationList = B58464202C21DF2D00FF87A1 /* Build configuration list for PBXNativeTarget "ToDoAppGrokhotov" */;
			buildPhases = (
				B584640E2C21DF2B00FF87A1 /* Sources */,
				B584640F2C21DF2B00FF87A1 /* Frameworks */,
				B58464102C21DF2B00FF87A1 /* Resources */,
				B58464252C21DF7700FF87A1 /* ShellScript */,
			);
			buildRules = (
			);
			dependencies = (
			);
			name = ToDoAppGrokhotov;
			packageProductDependencies = (
				B584642C2C21FFAA00FF87A1 /* RealmSwift */,
			);
			productName = ToDoAppGrokhotov;
			productReference = B58464122C21DF2B00FF87A1 /* ToDoAppGrokhotov.app */;
			productType = "com.apple.product-type.application";
		};
/* End PBXNativeTarget section */

/* Begin PBXProject section */
		B584640A2C21DF2B00FF87A1 /* Project object */ = {
			isa = PBXProject;
			attributes = {
				BuildIndependentTargetsInParallel = 1;
				LastSwiftUpdateCheck = 1540;
				LastUpgradeCheck = 1540;
				TargetAttributes = {
					B58464112C21DF2B00FF87A1 = {
						CreatedOnToolsVersion = 15.4;
					};
				};
			};
			buildConfigurationList = B584640D2C21DF2B00FF87A1 /* Build configuration list for PBXProject "ToDoAppGrokhotov" */;
			compatibilityVersion = "Xcode 14.0";
			developmentRegion = en;
			hasScannedForEncodings = 0;
			knownRegions = (
				en,
				Base,
				ru,
			);
			mainGroup = B58464092C21DF2B00FF87A1;
			packageReferences = (
				B584642B2C21FFAA00FF87A1 /* XCRemoteSwiftPackageReference "realm-swift" */,
			);
			productRefGroup = B58464132C21DF2B00FF87A1 /* Products */;
			projectDirPath = "";
			projectRoot = "";
			targets = (
				B58464112C21DF2B00FF87A1 /* ToDoAppGrokhotov */,
			);
		};
/* End PBXProject section */

/* Begin PBXResourcesBuildPhase section */
		B58464102C21DF2B00FF87A1 /* Resources */ = {
			isa = PBXResourcesBuildPhase;
			buildActionMask = 2147483647;
			files = (
				B584641D2C21DF2D00FF87A1 /* Preview Assets.xcassets in Resources */,
				B584641A2C21DF2D00FF87A1 /* Assets.xcassets in Resources */,
				B58464242C21DF4A00FF87A1 /* Localizable.xcstrings in Resources */,
			);
			runOnlyForDeploymentPostprocessing = 0;
		};
/* End PBXResourcesBuildPhase section */

/* Begin PBXShellScriptBuildPhase section */
		B58464252C21DF7700FF87A1 /* ShellScript */ = {
			isa = PBXShellScriptBuildPhase;
			alwaysOutOfDate = 1;
			buildActionMask = 2147483647;
			files = (
			);
			inputFileListPaths = (
			);
			inputPaths = (
			);
			outputFileListPaths = (
			);
			outputPaths = (
			);
			runOnlyForDeploymentPostprocessing = 0;
			shellPath = /bin/sh;
			shellScript = "if [[ \"$(uname -m)\" == arm64 ]]; then\n    export PATH=\"/opt/homebrew/bin:$PATH\"\nfi\n\nif which swiftlint > /dev/null; then\n  swiftlint\nelse\n  echo \"warning: SwiftLint not installed, download from https://github.com/realm/SwiftLint\"\nfi\n";
			showEnvVarsInLog = 0;
		};
/* End PBXShellScriptBuildPhase section */

/* Begin PBXSourcesBuildPhase section */
		B584640E2C21DF2B00FF87A1 /* Sources */ = {
			isa = PBXSourcesBuildPhase;
			buildActionMask = 2147483647;
			files = (
				B58464362C22153B00FF87A1 /* TaskManager.swift in Sources */,
				B58464342C220EF500FF87A1 /* TaskRow.swift in Sources */,
				B58464322C220B9700FF87A1 /* TaskDetailView.swift in Sources */,
				B584642F2C22032200FF87A1 /* TaskModel.swift in Sources */,
				B58464182C21DF2B00FF87A1 /* TaskListView.swift in Sources */,
				B58464162C21DF2B00FF87A1 /* ToDoAppGrokhotovApp.swift in Sources */,
			);
			runOnlyForDeploymentPostprocessing = 0;
		};
/* End PBXSourcesBuildPhase section */

/* Begin XCBuildConfiguration section */
		B584641E2C21DF2D00FF87A1 /* Debug */ = {
			isa = XCBuildConfiguration;
			buildSettings = {
				ALWAYS_SEARCH_USER_PATHS = NO;
				ASSETCATALOG_COMPILER_GENERATE_SWIFT_ASSET_SYMBOL_EXTENSIONS = YES;
				CLANG_ANALYZER_NONNULL = YES;
				CLANG_ANALYZER_NUMBER_OBJECT_CONVERSION = YES_AGGRESSIVE;
				CLANG_CXX_LANGUAGE_STANDARD = "gnu++20";
				CLANG_ENABLE_MODULES = YES;
				CLANG_ENABLE_OBJC_ARC = YES;
				CLANG_ENABLE_OBJC_WEAK = YES;
				CLANG_WARN_BLOCK_CAPTURE_AUTORELEASING = YES;
				CLANG_WARN_BOOL_CONVERSION = YES;
				CLANG_WARN_COMMA = YES;
				CLANG_WARN_CONSTANT_CONVERSION = YES;
				CLANG_WARN_DEPRECATED_OBJC_IMPLEMENTATIONS = YES;
				CLANG_WARN_DIRECT_OBJC_ISA_USAGE = YES_ERROR;
				CLANG_WARN_DOCUMENTATION_COMMENTS = YES;
				CLANG_WARN_EMPTY_BODY = YES;
				CLANG_WARN_ENUM_CONVERSION = YES;
				CLANG_WARN_INFINITE_RECURSION = YES;
				CLANG_WARN_INT_CONVERSION = YES;
				CLANG_WARN_NON_LITERAL_NULL_CONVERSION = YES;
				CLANG_WARN_OBJC_IMPLICIT_RETAIN_SELF = YES;
				CLANG_WARN_OBJC_LITERAL_CONVERSION = YES;
				CLANG_WARN_OBJC_ROOT_CLASS = YES_ERROR;
				CLANG_WARN_QUOTED_INCLUDE_IN_FRAMEWORK_HEADER = YES;
				CLANG_WARN_RANGE_LOOP_ANALYSIS = YES;
				CLANG_WARN_STRICT_PROTOTYPES = YES;
				CLANG_WARN_SUSPICIOUS_MOVE = YES;
				CLANG_WARN_UNGUARDED_AVAILABILITY = YES_AGGRESSIVE;
				CLANG_WARN_UNREACHABLE_CODE = YES;
				CLANG_WARN__DUPLICATE_METHOD_MATCH = YES;
				COPY_PHASE_STRIP = NO;
				DEBUG_INFORMATION_FORMAT = dwarf;
				ENABLE_STRICT_OBJC_MSGSEND = YES;
				ENABLE_TESTABILITY = YES;
				ENABLE_USER_SCRIPT_SANDBOXING = YES;
				GCC_C_LANGUAGE_STANDARD = gnu17;
				GCC_DYNAMIC_NO_PIC = NO;
				GCC_NO_COMMON_BLOCKS = YES;
				GCC_OPTIMIZATION_LEVEL = 0;
				GCC_PREPROCESSOR_DEFINITIONS = (
					"DEBUG=1",
					"$(inherited)",
				);
				GCC_WARN_64_TO_32_BIT_CONVERSION = YES;
				GCC_WARN_ABOUT_RETURN_TYPE = YES_ERROR;
				GCC_WARN_UNDECLARED_SELECTOR = YES;
				GCC_WARN_UNINITIALIZED_AUTOS = YES_AGGRESSIVE;
				GCC_WARN_UNUSED_FUNCTION = YES;
				GCC_WARN_UNUSED_VARIABLE = YES;
				IPHONEOS_DEPLOYMENT_TARGET = 17.5;
				LOCALIZATION_PREFERS_STRING_CATALOGS = YES;
				MTL_ENABLE_DEBUG_INFO = INCLUDE_SOURCE;
				MTL_FAST_MATH = YES;
				ONLY_ACTIVE_ARCH = YES;
				SDKROOT = iphoneos;
				SWIFT_ACTIVE_COMPILATION_CONDITIONS = "DEBUG $(inherited)";
				SWIFT_OPTIMIZATION_LEVEL = "-Onone";
			};
			name = Debug;
		};
		B584641F2C21DF2D00FF87A1 /* Release */ = {
			isa = XCBuildConfiguration;
			buildSettings = {
				ALWAYS_SEARCH_USER_PATHS = NO;
				ASSETCATALOG_COMPILER_GENERATE_SWIFT_ASSET_SYMBOL_EXTENSIONS = YES;
				CLANG_ANALYZER_NONNULL = YES;
				CLANG_ANALYZER_NUMBER_OBJECT_CONVERSION = YES_AGGRESSIVE;
				CLANG_CXX_LANGUAGE_STANDARD = "gnu++20";
				CLANG_ENABLE_MODULES = YES;
				CLANG_ENABLE_OBJC_ARC = YES;
				CLANG_ENABLE_OBJC_WEAK = YES;
				CLANG_WARN_BLOCK_CAPTURE_AUTORELEASING = YES;
				CLANG_WARN_BOOL_CONVERSION = YES;
				CLANG_WARN_COMMA = YES;
				CLANG_WARN_CONSTANT_CONVERSION = YES;
				CLANG_WARN_DEPRECATED_OBJC_IMPLEMENTATIONS = YES;
				CLANG_WARN_DIRECT_OBJC_ISA_USAGE = YES_ERROR;
				CLANG_WARN_DOCUMENTATION_COMMENTS = YES;
				CLANG_WARN_EMPTY_BODY = YES;
				CLANG_WARN_ENUM_CONVERSION = YES;
				CLANG_WARN_INFINITE_RECURSION = YES;
				CLANG_WARN_INT_CONVERSION = YES;
				CLANG_WARN_NON_LITERAL_NULL_CONVERSION = YES;
				CLANG_WARN_OBJC_IMPLICIT_RETAIN_SELF = YES;
				CLANG_WARN_OBJC_LITERAL_CONVERSION = YES;
				CLANG_WARN_OBJC_ROOT_CLASS = YES_ERROR;
				CLANG_WARN_QUOTED_INCLUDE_IN_FRAMEWORK_HEADER = YES;
				CLANG_WARN_RANGE_LOOP_ANALYSIS = YES;
				CLANG_WARN_STRICT_PROTOTYPES = YES;
				CLANG_WARN_SUSPICIOUS_MOVE = YES;
				CLANG_WARN_UNGUARDED_AVAILABILITY = YES_AGGRESSIVE;
				CLANG_WARN_UNREACHABLE_CODE = YES;
				CLANG_WARN__DUPLICATE_METHOD_MATCH = YES;
				COPY_PHASE_STRIP = NO;
				DEBUG_INFORMATION_FORMAT = "dwarf-with-dsym";
				ENABLE_NS_ASSERTIONS = NO;
				ENABLE_STRICT_OBJC_MSGSEND = YES;
				ENABLE_USER_SCRIPT_SANDBOXING = YES;
				GCC_C_LANGUAGE_STANDARD = gnu17;
				GCC_NO_COMMON_BLOCKS = YES;
				GCC_WARN_64_TO_32_BIT_CONVERSION = YES;
				GCC_WARN_ABOUT_RETURN_TYPE = YES_ERROR;
				GCC_WARN_UNDECLARED_SELECTOR = YES;
				GCC_WARN_UNINITIALIZED_AUTOS = YES_AGGRESSIVE;
				GCC_WARN_UNUSED_FUNCTION = YES;
				GCC_WARN_UNUSED_VARIABLE = YES;
				IPHONEOS_DEPLOYMENT_TARGET = 17.5;
				LOCALIZATION_PREFERS_STRING_CATALOGS = YES;
				MTL_ENABLE_DEBUG_INFO = NO;
				MTL_FAST_MATH = YES;
				SDKROOT = iphoneos;
				SWIFT_COMPILATION_MODE = wholemodule;
				VALIDATE_PRODUCT = YES;
			};
			name = Release;
		};
		B58464212C21DF2D00FF87A1 /* Debug */ = {
			isa = XCBuildConfiguration;
			buildSettings = {
				ASSETCATALOG_COMPILER_APPICON_NAME = AppIcon;
				ASSETCATALOG_COMPILER_GLOBAL_ACCENT_COLOR_NAME = AccentColor;
				CODE_SIGN_STYLE = Automatic;
				CURRENT_PROJECT_VERSION = 1;
				DEVELOPMENT_ASSET_PATHS = "\"ToDoAppGrokhotov/Preview Content\"";
				DEVELOPMENT_TEAM = 5X6RZ5N5BC;
				ENABLE_PREVIEWS = YES;
				ENABLE_USER_SCRIPT_SANDBOXING = NO;
				GENERATE_INFOPLIST_FILE = YES;
				INFOPLIST_KEY_UIApplicationSceneManifest_Generation = YES;
				INFOPLIST_KEY_UIApplicationSupportsIndirectInputEvents = YES;
				INFOPLIST_KEY_UILaunchScreen_Generation = YES;
				INFOPLIST_KEY_UISupportedInterfaceOrientations_iPad = "UIInterfaceOrientationPortrait UIInterfaceOrientationPortraitUpsideDown UIInterfaceOrientationLandscapeLeft UIInterfaceOrientationLandscapeRight";
				INFOPLIST_KEY_UISupportedInterfaceOrientations_iPhone = "UIInterfaceOrientationPortrait UIInterfaceOrientationLandscapeLeft UIInterfaceOrientationLandscapeRight";
				LD_RUNPATH_SEARCH_PATHS = (
					"$(inherited)",
					"@executable_path/Frameworks",
				);
				MARKETING_VERSION = 1.0;
				PRODUCT_BUNDLE_IDENTIFIER = com.dmitry4ch.ToDoAppGrokhotov;
				PRODUCT_NAME = "$(TARGET_NAME)";
				SWIFT_EMIT_LOC_STRINGS = YES;
				SWIFT_VERSION = 5.0;
				TARGETED_DEVICE_FAMILY = "1,2";
			};
			name = Debug;
		};
		B58464222C21DF2D00FF87A1 /* Release */ = {
			isa = XCBuildConfiguration;
			buildSettings = {
				ASSETCATALOG_COMPILER_APPICON_NAME = AppIcon;
				ASSETCATALOG_COMPILER_GLOBAL_ACCENT_COLOR_NAME = AccentColor;
				CODE_SIGN_STYLE = Automatic;
				CURRENT_PROJECT_VERSION = 1;
				DEVELOPMENT_ASSET_PATHS = "\"ToDoAppGrokhotov/Preview Content\"";
				DEVELOPMENT_TEAM = 5X6RZ5N5BC;
				ENABLE_PREVIEWS = YES;
				ENABLE_USER_SCRIPT_SANDBOXING = NO;
				GENERATE_INFOPLIST_FILE = YES;
				INFOPLIST_KEY_UIApplicationSceneManifest_Generation = YES;
				INFOPLIST_KEY_UIApplicationSupportsIndirectInputEvents = YES;
				INFOPLIST_KEY_UILaunchScreen_Generation = YES;
				INFOPLIST_KEY_UISupportedInterfaceOrientations_iPad = "UIInterfaceOrientationPortrait UIInterfaceOrientationPortraitUpsideDown UIInterfaceOrientationLandscapeLeft UIInterfaceOrientationLandscapeRight";
				INFOPLIST_KEY_UISupportedInterfaceOrientations_iPhone = "UIInterfaceOrientationPortrait UIInterfaceOrientationLandscapeLeft UIInterfaceOrientationLandscapeRight";
				LD_RUNPATH_SEARCH_PATHS = (
					"$(inherited)",
					"@executable_path/Frameworks",
				);
				MARKETING_VERSION = 1.0;
				PRODUCT_BUNDLE_IDENTIFIER = com.dmitry4ch.ToDoAppGrokhotov;
				PRODUCT_NAME = "$(TARGET_NAME)";
				SWIFT_EMIT_LOC_STRINGS = YES;
				SWIFT_VERSION = 5.0;
				TARGETED_DEVICE_FAMILY = "1,2";
			};
			name = Release;
		};
/* End XCBuildConfiguration section */

/* Begin XCConfigurationList section */
		B584640D2C21DF2B00FF87A1 /* Build configuration list for PBXProject "ToDoAppGrokhotov" */ = {
			isa = XCConfigurationList;
			buildConfigurations = (
				B584641E2C21DF2D00FF87A1 /* Debug */,
				B584641F2C21DF2D00FF87A1 /* Release */,
			);
			defaultConfigurationIsVisible = 0;
			defaultConfigurationName = Release;
		};
		B58464202C21DF2D00FF87A1 /* Build configuration list for PBXNativeTarget "ToDoAppGrokhotov" */ = {
			isa = XCConfigurationList;
			buildConfigurations = (
				B58464212C21DF2D00FF87A1 /* Debug */,
				B58464222C21DF2D00FF87A1 /* Release */,
			);
			defaultConfigurationIsVisible = 0;
			defaultConfigurationName = Release;
		};
/* End XCConfigurationList section */

/* Begin XCRemoteSwiftPackageReference section */
		B584642B2C21FFAA00FF87A1 /* XCRemoteSwiftPackageReference "realm-swift" */ = {
			isa = XCRemoteSwiftPackageReference;
			repositoryURL = "https://github.com/realm/realm-swift.git";
			requirement = {
				branch = master;
				kind = branch;
			};
		};
/* End XCRemoteSwiftPackageReference section */

/* Begin XCSwiftPackageProductDependency section */
		B584642C2C21FFAA00FF87A1 /* RealmSwift */ = {
			isa = XCSwiftPackageProductDependency;
			package = B584642B2C21FFAA00FF87A1 /* XCRemoteSwiftPackageReference "realm-swift" */;
			productName = RealmSwift;
		};
/* End XCSwiftPackageProductDependency section */
	};
	rootObject = B584640A2C21DF2B00FF87A1 /* Project object */;
}
